
Microsoft Visual Studio Solution File, Format Version 12.00
# Visual Studio Version 17
VisualStudioVersion = 17.0.31903.59
MinimumVisualStudioVersion = 10.0.40219.1
Project("{9A19103F-16F7-4668-BE54-9A1E7A4F7556}") = "MSQBot-API", "MSQBot-API\MSQBot-API.csproj", "{0F441EDE-8991-4A93-8498-45559CB06281}"
EndProject
Project("{9A19103F-16F7-4668-BE54-9A1E7A4F7556}") = "MSQBot-API.Business", "MSQBot-API.Business\MSQBot-API.Business.csproj", "{5F3932B5-3009-4D42-844E-283C614C259C}"
EndProject
Project("{9A19103F-16F7-4668-BE54-9A1E7A4F7556}") = "MSQBot-API.Core", "..\MSQBot-API.Core\MSQBot-API.Core.csproj", "{3AA3DE42-CB75-4DF4-9FBE-4C748168DE08}"
EndProject
Project("{FAE04EC0-301F-11D3-BF4B-00C04F79EFBC}") = "MSQBot-API.Test", "MSQBot-API.Test\MSQBot-API.Test.csproj", "{F6A10D4D-D6C6-480F-8DBA-8AFEA04226D6}"
EndProject
Project("{FAE04EC0-301F-11D3-BF4B-00C04F79EFBC}") = "MSQBot-API.Infrastructure", "MSQBot-API.Infrastructure\MSQBot-API.Infrastructure.csproj", "{302F319C-9E73-4908-8FA6-A390F4A5A575}"
EndProject
Project("{2150E333-8FDC-42A3-9474-1A3956D46DE8}") = "src", "src", "{CDCCA0D9-51BA-4214-8527-A936E3324A86}"
EndProject
Project("{2150E333-8FDC-42A3-9474-1A3956D46DE8}") = "tests", "tests", "{0FE074FE-BF90-461F-8463-0DFDFCF0A349}"
EndProject
Global
	GlobalSection(SolutionConfigurationPlatforms) = preSolution
		Debug|Any CPU = Debug|Any CPU
		Release|Any CPU = Release|Any CPU
	EndGlobalSection
	GlobalSection(ProjectConfigurationPlatforms) = postSolution
		{0F441EDE-8991-4A93-8498-45559CB06281}.Debug|Any CPU.ActiveCfg = Debug|Any CPU
		{0F441EDE-8991-4A93-8498-45559CB06281}.Debug|Any CPU.Build.0 = Debug|Any CPU
		{0F441EDE-8991-4A93-8498-45559CB06281}.Release|Any CPU.ActiveCfg = Release|Any CPU
		{0F441EDE-8991-4A93-8498-45559CB06281}.Release|Any CPU.Build.0 = Release|Any CPU
		{5F3932B5-3009-4D42-844E-283C614C259C}.Debug|Any CPU.ActiveCfg = Debug|Any CPU
		{5F3932B5-3009-4D42-844E-283C614C259C}.Debug|Any CPU.Build.0 = Debug|Any CPU
		{5F3932B5-3009-4D42-844E-283C614C259C}.Release|Any CPU.ActiveCfg = Release|Any CPU
		{5F3932B5-3009-4D42-844E-283C614C259C}.Release|Any CPU.Build.0 = Release|Any CPU
		{3AA3DE42-CB75-4DF4-9FBE-4C748168DE08}.Debug|Any CPU.ActiveCfg = Debug|Any CPU
		{3AA3DE42-CB75-4DF4-9FBE-4C748168DE08}.Debug|Any CPU.Build.0 = Debug|Any CPU
		{3AA3DE42-CB75-4DF4-9FBE-4C748168DE08}.Release|Any CPU.ActiveCfg = Release|Any CPU
		{3AA3DE42-CB75-4DF4-9FBE-4C748168DE08}.Release|Any CPU.Build.0 = Release|Any CPU
		{F6A10D4D-D6C6-480F-8DBA-8AFEA04226D6}.Debug|Any CPU.ActiveCfg = Debug|Any CPU
		{F6A10D4D-D6C6-480F-8DBA-8AFEA04226D6}.Debug|Any CPU.Build.0 = Debug|Any CPU
		{F6A10D4D-D6C6-480F-8DBA-8AFEA04226D6}.Release|Any CPU.ActiveCfg = Release|Any CPU
		{F6A10D4D-D6C6-480F-8DBA-8AFEA04226D6}.Release|Any CPU.Build.0 = Release|Any CPU
		{302F319C-9E73-4908-8FA6-A390F4A5A575}.Debug|Any CPU.ActiveCfg = Debug|Any CPU
		{302F319C-9E73-4908-8FA6-A390F4A5A575}.Debug|Any CPU.Build.0 = Debug|Any CPU
		{302F319C-9E73-4908-8FA6-A390F4A5A575}.Release|Any CPU.ActiveCfg = Release|Any CPU
		{302F319C-9E73-4908-8FA6-A390F4A5A575}.Release|Any CPU.Build.0 = Release|Any CPU
	EndGlobalSection
	GlobalSection(SolutionProperties) = preSolution
		HideSolutionNode = FALSE
	EndGlobalSection
	GlobalSection(NestedProjects) = preSolution
		{0F441EDE-8991-4A93-8498-45559CB06281} = {CDCCA0D9-51BA-4214-8527-A936E3324A86}
		{5F3932B5-3009-4D42-844E-283C614C259C} = {CDCCA0D9-51BA-4214-8527-A936E3324A86}
		{3AA3DE42-CB75-4DF4-9FBE-4C748168DE08} = {CDCCA0D9-51BA-4214-8527-A936E3324A86}
		{F6A10D4D-D6C6-480F-8DBA-8AFEA04226D6} = {0FE074FE-BF90-461F-8463-0DFDFCF0A349}
		{302F319C-9E73-4908-8FA6-A390F4A5A575} = {CDCCA0D9-51BA-4214-8527-A936E3324A86}
	EndGlobalSection
	GlobalSection(ExtensibilityGlobals) = postSolution
		SolutionGuid = {D9430D28-FFF0-4C7B-9030-A9D74F534229}
	EndGlobalSection
EndGlobal
